
Microsoft Visual Studio Solution File, Format Version 12.00
# Visual Studio Version 16
VisualStudioVersion = 16.0.31727.386
MinimumVisualStudioVersion = 10.0.40219.1
Project("{FAE04EC0-301F-11D3-BF4B-00C04F79EFBC}") = "Yahalom", "Yahalom\Yahalom.csproj", "{C2AA56CA-3542-4B61-A4A6-22307E0C97F9}"
EndProject
Global
	GlobalSection(SolutionConfigurationPlatforms) = preSolution
		Debug|Any CPU = Debug|Any CPU
		Release|Any CPU = Release|Any CPU
	EndGlobalSection
	GlobalSection(ProjectConfigurationPlatforms) = postSolution
		{C2AA56CA-3542-4B61-A4A6-22307E0C97F9}.Debug|Any CPU.ActiveCfg = Debug|Any CPU
		{C2AA56CA-3542-4B61-A4A6-22307E0C97F9}.Debug|Any CPU.Build.0 = Debug|Any CPU
		{C2AA56CA-3542-4B61-A4A6-22307E0C97F9}.Release|Any CPU.ActiveCfg = Release|Any CPU
		{C2AA56CA-3542-4B61-A4A6-22307E0C97F9}.Release|Any CPU.Build.0 = Release|Any CPU
	EndGlobalSection
	GlobalSection(SolutionProperties) = preSolution
		HideSolutionNode = FALSE
	EndGlobalSection
	GlobalSection(ExtensibilityGlobals) = postSolution
		SolutionGuid = {04179C6F-8EA5-4A62-8C44-F5C3266C2ACF}
	EndGlobalSection
EndGlobal
